Microsoft Visual Studio Solution File, Format Version 8.00
Project("{8BC9CEB8-8B4A-11D0-8D11-00A0C91BC942}") = "activeThreadManager", "activeThreadManager.vcproj", "{D6C0B3A7-C348-4149-8092-BC2BC97A5DAF}"
	ProjectSection(ProjectDependencies) = postProject
	EndProjectSection
EndProject
Global
	GlobalSection(SolutionConfiguration) = preSolution
		Debug = Debug
		Release = Release
	EndGlobalSection
	GlobalSection(ProjectConfiguration) = postSolution
		{D6C0B3A7-C348-4149-8092-BC2BC97A5DAF}.Debug.ActiveCfg = Debug|Win32
		{D6C0B3A7-C348-4149-8092-BC2BC97A5DAF}.Debug.Build.0 = Debug|Win32
		{D6C0B3A7-C348-4149-8092-BC2BC97A5DAF}.Release.ActiveCfg = Release|Win32
		{D6C0B3A7-C348-4149-8092-BC2BC97A5DAF}.Release.Build.0 = Release|Win32
	EndGlobalSection
	GlobalSection(ExtensibilityGlobals) = postSolution
	EndGlobalSection
	GlobalSection(ExtensibilityAddIns) = postSolution
	EndGlobalSection
EndGlobal
