
Microsoft Visual Studio Solution File, Format Version 11.00
# Visual Studio 2010
Project("{8BC9CEB8-8B4A-11D0-8D11-00A0C91BC942}") = "LEONIS_CINEMA_CineCast", "LEONIS_CINEMA_CineCast.vcxproj", "{A72E7FF5-F981-3E30-BB78-5F226392C019}"
EndProject
Global
	GlobalSection(SolutionConfigurationPlatforms) = preSolution
		Debug|Win32 = Debug|Win32
		Release|Win32 = Release|Win32
	EndGlobalSection
	GlobalSection(ProjectConfigurationPlatforms) = postSolution
		{A72E7FF5-F981-3E30-BB78-5F226392C019}.Debug|Win32.ActiveCfg = Debug|Win32
		{A72E7FF5-F981-3E30-BB78-5F226392C019}.Debug|Win32.Build.0 = Debug|Win32
		{A72E7FF5-F981-3E30-BB78-5F226392C019}.Release|Win32.ActiveCfg = Release|Win32
		{A72E7FF5-F981-3E30-BB78-5F226392C019}.Release|Win32.Build.0 = Release|Win32
	EndGlobalSection
	GlobalSection(SolutionProperties) = preSolution
		HideSolutionNode = FALSE
	EndGlobalSection
EndGlobal
